
Microsoft Visual Studio Solution File, Format Version 12.00
# Visual Studio Version 16
VisualStudioVersion = 16.0.34301.259
MinimumVisualStudioVersion = 10.0.40219.1
Project("{FAE04EC0-301F-11D3-BF4B-00C04F79EFBC}") = "TaskKiller", "TaskKiller.csproj", "{210168C0-0FB5-4506-BDF6-D31C1C5F7EDD}"
EndProject
Global
	GlobalSection(SolutionConfigurationPlatforms) = preSolution
		Debug|Any CPU = Debug|Any CPU
		Release|Any CPU = Release|Any CPU
	EndGlobalSection
	GlobalSection(ProjectConfigurationPlatforms) = postSolution
		{210168C0-0FB5-4506-BDF6-D31C1C5F7EDD}.Debug|Any CPU.ActiveCfg = Debug|Any CPU
		{210168C0-0FB5-4506-BDF6-D31C1C5F7EDD}.Debug|Any CPU.Build.0 = Debug|Any CPU
		{210168C0-0FB5-4506-BDF6-D31C1C5F7EDD}.Release|Any CPU.ActiveCfg = Release|Any CPU
		{210168C0-0FB5-4506-BDF6-D31C1C5F7EDD}.Release|Any CPU.Build.0 = Release|Any CPU
	EndGlobalSection
	GlobalSection(SolutionProperties) = preSolution
		HideSolutionNode = FALSE
	EndGlobalSection
	GlobalSection(ExtensibilityGlobals) = postSolution
		SolutionGuid = {882745F6-9F6F-4E75-A3F1-DD09C70537AE}
	EndGlobalSection
EndGlobal
